
Microsoft Visual Studio Solution File, Format Version 12.00
# Visual Studio Version 17
VisualStudioVersion = 17.7.34031.279
MinimumVisualStudioVersion = 10.0.40219.1
Project("{9A19103F-16F7-4668-BE54-9A1E7A4F7556}") = "AntDesign.Components.CodeEditor", "src\AntDesign.Components\CodeEditor\AntDesign.Components.CodeEditor.csproj", "{8270BDEA-E711-413D-A3CD-854B44668E1A}"
EndProject
Project("{2150E333-8FDC-42A3-9474-1A3956D46DE8}") = "解决方案项", "解决方案项", "{3FDAF0B4-57D6-4CF2-A179-1037917D5274}"
	ProjectSection(SolutionItems) = preProject
		.editorconfig = .editorconfig
		package.json = package.json
	EndProjectSection
EndProject
Global
	GlobalSection(SolutionConfigurationPlatforms) = preSolution
		Debug|Any CPU = Debug|Any CPU
		Release|Any CPU = Release|Any CPU
	EndGlobalSection
	GlobalSection(ProjectConfigurationPlatforms) = postSolution
		{8270BDEA-E711-413D-A3CD-854B44668E1A}.Debug|Any CPU.ActiveCfg = Debug|Any CPU
		{8270BDEA-E711-413D-A3CD-854B44668E1A}.Debug|Any CPU.Build.0 = Debug|Any CPU
		{8270BDEA-E711-413D-A3CD-854B44668E1A}.Release|Any CPU.ActiveCfg = Release|Any CPU
		{8270BDEA-E711-413D-A3CD-854B44668E1A}.Release|Any CPU.Build.0 = Release|Any CPU
	EndGlobalSection
	GlobalSection(SolutionProperties) = preSolution
		HideSolutionNode = FALSE
	EndGlobalSection
	GlobalSection(ExtensibilityGlobals) = postSolution
		SolutionGuid = {4BC9F84D-387B-4000-9925-0D4804A38C0C}
	EndGlobalSection
EndGlobal
