Microsoft Visual Studio Solution File, Format Version 12.00
# Visual Studio Version 17
VisualStudioVersion = 17.7.34031.279
MinimumVisualStudioVersion = 10.0.40219.1
Project("{2150E333-8FDC-42A3-9474-1A3956D46DE8}") = "1-solutions", "1-solutions", "{3FDAF0B4-57D6-4CF2-A179-1037917D5274}"
	ProjectSection(SolutionItems) = preProject
		.editorconfig = .editorconfig
		Directory.Build.props = Directory.Build.props
		Directory.Packages.props = Directory.Packages.props
		package.json = package.json
		README.md = README.md
		xunit.runsettings = xunit.runsettings
	EndProjectSection
EndProject
Project("{2150E333-8FDC-42A3-9474-1A3956D46DE8}") = "3-components", "3-components", "{1EA39B74-99A0-4D31-BAA9-C8E17DEB4967}"
EndProject
Project("{2150E333-8FDC-42A3-9474-1A3956D46DE8}") = "2-scripts", "2-scripts", "{677DC6C7-77C3-4F9F-AC16-7D05AC7D1093}"
	ProjectSection(SolutionItems) = preProject
		scripts\bundle-copy-css.js = scripts\bundle-copy-css.js
		scripts\bundle-copy-js.js = scripts\bundle-copy-js.js
		scripts\common.js = scripts\common.js
		scripts\component-build-base.js = scripts\component-build-base.js
		scripts\component-build-css.js = scripts\component-build-css.js
		scripts\component-build-js.js = scripts\component-build-js.js
		scripts\component-copy-base.js = scripts\component-copy-base.js
		scripts\component-copy-css.js = scripts\component-copy-css.js
		scripts\component-copy-js.js = scripts\component-copy-js.js
	EndProjectSection
EndProject
Project("{2150E333-8FDC-42A3-9474-1A3956D46DE8}") = "_scripts", "_scripts", "{0AAF65C8-108C-42BC-B1DC-C401A8A5CCC6}"
	ProjectSection(SolutionItems) = preProject
		components\_scripts\common.ts = components\_scripts\common.ts
		components\_scripts\main.ts = components\_scripts\main.ts
		components\_scripts\util.ts = components\_scripts\util.ts
	EndProjectSection
EndProject
Project("{2150E333-8FDC-42A3-9474-1A3956D46DE8}") = "_styles", "_styles", "{D21EEB94-B32D-4FBB-9CA1-8CAFFE4ECD4D}"
	ProjectSection(SolutionItems) = preProject
		src\_styles\theme-common.scss = src\_styles\theme-common.scss
		src\_styles\theme-default.scss = src\_styles\theme-default.scss
		src\_styles\variables.scss = src\_styles\variables.scss
	EndProjectSection
EndProject
Project("{2150E333-8FDC-42A3-9474-1A3956D46DE8}") = "Dialog", "Dialog", "{EA31BD94-A226-47D8-BA7F-0B246F5D7E5B}"
EndProject
Project("{9A19103F-16F7-4668-BE54-9A1E7A4F7556}") = "AntDesign.Extensions.Components.Dialog", "components\Dialog\src\AntDesign.Extensions.Components.Dialog.csproj", "{8B1E597B-AE55-4936-97F7-F4D56718E544}"
EndProject
Project("{9A19103F-16F7-4668-BE54-9A1E7A4F7556}") = "AntDesign.Extensions.Components.MonacoEditor", "components\MonacoEditor\src\AntDesign.Extensions.Components.MonacoEditor.csproj", "{C52B7AB8-19BF-4F50-AB3A-A15AD4029069}"
EndProject
Project("{2150E333-8FDC-42A3-9474-1A3956D46DE8}") = "MonacoEditor", "MonacoEditor", "{9874FB7C-ADC3-4188-A7F5-1FA683A0E223}"
EndProject
Project("{9A19103F-16F7-4668-BE54-9A1E7A4F7556}") = "Sample", "components\MonacoEditor\sample\Sample.csproj", "{1CFA55F3-612F-4A4D-8684-112D7F0AF0A7}"
EndProject
Project("{2150E333-8FDC-42A3-9474-1A3956D46DE8}") = "TryBlazor", "TryBlazor", "{A51ED1FB-10D2-4A56-9180-50350AF8BCE3}"
EndProject
Project("{9A19103F-16F7-4668-BE54-9A1E7A4F7556}") = "AntDesign.Extensions.Components.TryBlazor", "components\TryBlazor\src\AntDesign.Extensions.Components.TryBlazor.csproj", "{D895CABB-4058-4778-BD72-C3CA285D4169}"
EndProject
Project("{9A19103F-16F7-4668-BE54-9A1E7A4F7556}") = "Sample", "components\TryBlazor\sample\Sample.csproj", "{AA2062D9-D7FD-4D23-BB01-3B17740B6118}"
EndProject
Project("{9A19103F-16F7-4668-BE54-9A1E7A4F7556}") = "AntDesign.Extensions.Components.Common", "components\Common\src\AntDesign.Extensions.Components.Common.csproj", "{8633B31D-40CC-497E-9D68-A63A4C7B468E}"
EndProject
Project("{2150E333-8FDC-42A3-9474-1A3956D46DE8}") = "Common", "Common", "{27132A0E-A03D-4288-8FE1-88E62B57AAED}"
EndProject
Project("{9A19103F-16F7-4668-BE54-9A1E7A4F7556}") = "Sample", "components\Dialog\sample\Sample\Sample.csproj", "{C7B480D9-BF66-44DD-9C82-6DCDFCD0673A}"
EndProject
Project("{9A19103F-16F7-4668-BE54-9A1E7A4F7556}") = "Sample.Client", "components\Dialog\sample\Sample.Client\Sample.Client.csproj", "{06770E91-57CE-4DFA-9A76-052202DFB52E}"
EndProject
Project("{9A19103F-16F7-4668-BE54-9A1E7A4F7556}") = "AntDesign.Extensions.Components.Dialog.Test", "components\Dialog\test\AntDesign.Extensions.Components.Dialog.Test\AntDesign.Extensions.Components.Dialog.Test.csproj", "{DCBE4100-44AE-46B7-AF4C-4F5EDC2A67C2}"
EndProject
Project("{9A19103F-16F7-4668-BE54-9A1E7A4F7556}") = "Sample.Demos", "components\Dialog\sample\Sample.Demos\Sample.Demos.csproj", "{AAF2D99E-2FCE-4178-BB6E-05C1A5BB8167}"
EndProject
Global
	GlobalSection(SolutionConfigurationPlatforms) = preSolution
		Debug|Any CPU = Debug|Any CPU
		Release|Any CPU = Release|Any CPU
	EndGlobalSection
	GlobalSection(ProjectConfigurationPlatforms) = postSolution
		{06770E91-57CE-4DFA-9A76-052202DFB52E}.Debug|Any CPU.ActiveCfg = Debug|Any CPU
		{06770E91-57CE-4DFA-9A76-052202DFB52E}.Debug|Any CPU.Build.0 = Debug|Any CPU
		{06770E91-57CE-4DFA-9A76-052202DFB52E}.Release|Any CPU.ActiveCfg = Release|Any CPU
		{06770E91-57CE-4DFA-9A76-052202DFB52E}.Release|Any CPU.Build.0 = Release|Any CPU
		{8B1E597B-AE55-4936-97F7-F4D56718E544}.Debug|Any CPU.ActiveCfg = Debug|Any CPU
		{8B1E597B-AE55-4936-97F7-F4D56718E544}.Debug|Any CPU.Build.0 = Debug|Any CPU
		{8B1E597B-AE55-4936-97F7-F4D56718E544}.Release|Any CPU.ActiveCfg = Release|Any CPU
		{8B1E597B-AE55-4936-97F7-F4D56718E544}.Release|Any CPU.Build.0 = Release|Any CPU
		{AAF2D99E-2FCE-4178-BB6E-05C1A5BB8167}.Debug|Any CPU.ActiveCfg = Debug|Any CPU
		{AAF2D99E-2FCE-4178-BB6E-05C1A5BB8167}.Debug|Any CPU.Build.0 = Debug|Any CPU
		{AAF2D99E-2FCE-4178-BB6E-05C1A5BB8167}.Release|Any CPU.ActiveCfg = Release|Any CPU
		{AAF2D99E-2FCE-4178-BB6E-05C1A5BB8167}.Release|Any CPU.Build.0 = Release|Any CPU
		{C52B7AB8-19BF-4F50-AB3A-A15AD4029069}.Debug|Any CPU.ActiveCfg = Debug|Any CPU
		{C52B7AB8-19BF-4F50-AB3A-A15AD4029069}.Debug|Any CPU.Build.0 = Debug|Any CPU
		{C52B7AB8-19BF-4F50-AB3A-A15AD4029069}.Release|Any CPU.ActiveCfg = Release|Any CPU
		{C52B7AB8-19BF-4F50-AB3A-A15AD4029069}.Release|Any CPU.Build.0 = Release|Any CPU
		{1CFA55F3-612F-4A4D-8684-112D7F0AF0A7}.Debug|Any CPU.ActiveCfg = Debug|Any CPU
		{1CFA55F3-612F-4A4D-8684-112D7F0AF0A7}.Debug|Any CPU.Build.0 = Debug|Any CPU
		{1CFA55F3-612F-4A4D-8684-112D7F0AF0A7}.Release|Any CPU.ActiveCfg = Release|Any CPU
		{1CFA55F3-612F-4A4D-8684-112D7F0AF0A7}.Release|Any CPU.Build.0 = Release|Any CPU
		{C7B480D9-BF66-44DD-9C82-6DCDFCD0673A}.Debug|Any CPU.ActiveCfg = Debug|Any CPU
		{C7B480D9-BF66-44DD-9C82-6DCDFCD0673A}.Debug|Any CPU.Build.0 = Debug|Any CPU
		{C7B480D9-BF66-44DD-9C82-6DCDFCD0673A}.Release|Any CPU.ActiveCfg = Release|Any CPU
		{C7B480D9-BF66-44DD-9C82-6DCDFCD0673A}.Release|Any CPU.Build.0 = Release|Any CPU
		{D895CABB-4058-4778-BD72-C3CA285D4169}.Debug|Any CPU.ActiveCfg = Debug|Any CPU
		{D895CABB-4058-4778-BD72-C3CA285D4169}.Debug|Any CPU.Build.0 = Debug|Any CPU
		{D895CABB-4058-4778-BD72-C3CA285D4169}.Release|Any CPU.ActiveCfg = Release|Any CPU
		{D895CABB-4058-4778-BD72-C3CA285D4169}.Release|Any CPU.Build.0 = Release|Any CPU
		{AA2062D9-D7FD-4D23-BB01-3B17740B6118}.Debug|Any CPU.ActiveCfg = Debug|Any CPU
		{AA2062D9-D7FD-4D23-BB01-3B17740B6118}.Debug|Any CPU.Build.0 = Debug|Any CPU
		{AA2062D9-D7FD-4D23-BB01-3B17740B6118}.Release|Any CPU.ActiveCfg = Release|Any CPU
		{AA2062D9-D7FD-4D23-BB01-3B17740B6118}.Release|Any CPU.Build.0 = Release|Any CPU
		{8633B31D-40CC-497E-9D68-A63A4C7B468E}.Debug|Any CPU.ActiveCfg = Debug|Any CPU
		{8633B31D-40CC-497E-9D68-A63A4C7B468E}.Debug|Any CPU.Build.0 = Debug|Any CPU
		{8633B31D-40CC-497E-9D68-A63A4C7B468E}.Release|Any CPU.ActiveCfg = Release|Any CPU
		{8633B31D-40CC-497E-9D68-A63A4C7B468E}.Release|Any CPU.Build.0 = Release|Any CPU
		{DCBE4100-44AE-46B7-AF4C-4F5EDC2A67C2}.Debug|Any CPU.ActiveCfg = Debug|Any CPU
		{DCBE4100-44AE-46B7-AF4C-4F5EDC2A67C2}.Debug|Any CPU.Build.0 = Debug|Any CPU
		{DCBE4100-44AE-46B7-AF4C-4F5EDC2A67C2}.Release|Any CPU.ActiveCfg = Release|Any CPU
		{DCBE4100-44AE-46B7-AF4C-4F5EDC2A67C2}.Release|Any CPU.Build.0 = Release|Any CPU
	EndGlobalSection
	GlobalSection(SolutionProperties) = preSolution
		HideSolutionNode = FALSE
	EndGlobalSection
	GlobalSection(NestedProjects) = preSolution
		{06770E91-57CE-4DFA-9A76-052202DFB52E} = {EA31BD94-A226-47D8-BA7F-0B246F5D7E5B}
		{0AAF65C8-108C-42BC-B1DC-C401A8A5CCC6} = {1EA39B74-99A0-4D31-BAA9-C8E17DEB4967}
		{AAF2D99E-2FCE-4178-BB6E-05C1A5BB8167} = {EA31BD94-A226-47D8-BA7F-0B246F5D7E5B}
		{C7B480D9-BF66-44DD-9C82-6DCDFCD0673A} = {EA31BD94-A226-47D8-BA7F-0B246F5D7E5B}
		{D21EEB94-B32D-4FBB-9CA1-8CAFFE4ECD4D} = {1EA39B74-99A0-4D31-BAA9-C8E17DEB4967}
		{DCBE4100-44AE-46B7-AF4C-4F5EDC2A67C2} = {EA31BD94-A226-47D8-BA7F-0B246F5D7E5B}
		{EA31BD94-A226-47D8-BA7F-0B246F5D7E5B} = {1EA39B74-99A0-4D31-BAA9-C8E17DEB4967}
		{8B1E597B-AE55-4936-97F7-F4D56718E544} = {EA31BD94-A226-47D8-BA7F-0B246F5D7E5B}
		{C52B7AB8-19BF-4F50-AB3A-A15AD4029069} = {9874FB7C-ADC3-4188-A7F5-1FA683A0E223}
		{9874FB7C-ADC3-4188-A7F5-1FA683A0E223} = {1EA39B74-99A0-4D31-BAA9-C8E17DEB4967}
		{1CFA55F3-612F-4A4D-8684-112D7F0AF0A7} = {9874FB7C-ADC3-4188-A7F5-1FA683A0E223}
		{A51ED1FB-10D2-4A56-9180-50350AF8BCE3} = {1EA39B74-99A0-4D31-BAA9-C8E17DEB4967}
		{D895CABB-4058-4778-BD72-C3CA285D4169} = {A51ED1FB-10D2-4A56-9180-50350AF8BCE3}
		{AA2062D9-D7FD-4D23-BB01-3B17740B6118} = {A51ED1FB-10D2-4A56-9180-50350AF8BCE3}
		{8633B31D-40CC-497E-9D68-A63A4C7B468E} = {27132A0E-A03D-4288-8FE1-88E62B57AAED}
		{27132A0E-A03D-4288-8FE1-88E62B57AAED} = {1EA39B74-99A0-4D31-BAA9-C8E17DEB4967}
	EndGlobalSection
	GlobalSection(ExtensibilityGlobals) = postSolution
		SolutionGuid = {4BC9F84D-387B-4000-9925-0D4804A38C0C}
	EndGlobalSection
EndGlobal
