
Microsoft Visual Studio Solution File, Format Version 12.00
# Visual Studio Version 17
VisualStudioVersion = 17.5.002.0
MinimumVisualStudioVersion = 10.0.40219.1
Project("{9A19103F-16F7-4668-BE54-9A1E7A4F7556}") = "AntDesign.Extensions.Components.MonacoEditor", "AntDesign.Extensions.Components.MonacoEditor.csproj", "{625E1289-787A-488F-A515-4EAB6FFE2C32}"
EndProject
Global
	GlobalSection(SolutionConfigurationPlatforms) = preSolution
		Debug|Any CPU = Debug|Any CPU
		Release|Any CPU = Release|Any CPU
	EndGlobalSection
	GlobalSection(ProjectConfigurationPlatforms) = postSolution
		{625E1289-787A-488F-A515-4EAB6FFE2C32}.Debug|Any CPU.ActiveCfg = Debug|Any CPU
		{625E1289-787A-488F-A515-4EAB6FFE2C32}.Debug|Any CPU.Build.0 = Debug|Any CPU
		{625E1289-787A-488F-A515-4EAB6FFE2C32}.Release|Any CPU.ActiveCfg = Release|Any CPU
		{625E1289-787A-488F-A515-4EAB6FFE2C32}.Release|Any CPU.Build.0 = Release|Any CPU
	EndGlobalSection
	GlobalSection(SolutionProperties) = preSolution
		HideSolutionNode = FALSE
	EndGlobalSection
	GlobalSection(ExtensibilityGlobals) = postSolution
		SolutionGuid = {35BA5DF8-5814-47E5-9065-3FC74805D469}
	EndGlobalSection
EndGlobal
